{
  "name": "middo",
  "version": "0.1.0",
  "lockfileVersion": 2,
  "requires": true,
  "packages": {
    "": {
      "name": "middo",
      "version": "0.1.0",
      "license": "ISC",
      "dependencies": {
        "node-match-path": "^0.6.3"
      }
    },
    "node_modules/node-match-path": {
      "version": "0.6.3",
      "resolved": "https://registry.npmjs.org/node-match-path/-/node-match-path-0.6.3.tgz",
      "integrity": "sha512-fB1reOHKLRZCJMAka28hIxCwQLxGmd7WewOCBDYKpyA1KXi68A7vaGgdZAPhY2E6SXoYt3KqYCCvXLJ+O0Fu/Q=="
    }
  },
  "dependencies": {
    "node-match-path": {
      "version": "0.6.3",
      "resolved": "https://registry.npmjs.org/node-match-path/-/node-match-path-0.6.3.tgz",
      "integrity": "sha512-fB1reOHKLRZCJMAka28hIxCwQLxGmd7WewOCBDYKpyA1KXi68A7vaGgdZAPhY2E6SXoYt3KqYCCvXLJ+O0Fu/Q=="
    }
  }
}
